// !$*UTF8*$!
{
	archiveVersion = 1;
	classes = {
	};
	objectVersion = 46;
	objects = {

/* Begin PBXBuildFile section */
		0324BC531D5CAB28008F63C0 /* AppDelegate.swift in Sources */ = {isa = PBXBuildFile; fileRef = 0324BC521D5CAB28008F63C0 /* AppDelegate.swift */; };
		0324BC551D5CAB28008F63C0 /* ViewController.swift in Sources */ = {isa = PBXBuildFile; fileRef = 0324BC541D5CAB28008F63C0 /* ViewController.swift */; };
		0324BC581D5CAB28008F63C0 /* Main.storyboard in Resources */ = {isa = PBXBuildFile; fileRef = 0324BC561D5CAB28008F63C0 /* Main.storyboard */; };
		0324BC5A1D5CAB28008F63C0 /* Assets.xcassets in Resources */ = {isa = PBXBuildFile; fileRef = 0324BC591D5CAB28008F63C0 /* Assets.xcassets */; };
		0324BC5D1D5CAB28008F63C0 /* LaunchScreen.storyboard in Resources */ = {isa = PBXBuildFile; fileRef = 0324BC5B1D5CAB28008F63C0 /* LaunchScreen.storyboard */; };
		0324BC681D5CAB28008F63C0 /* FizzBuzzTests.swift in Sources */ = {isa = PBXBuildFile; fileRef = 0324BC671D5CAB28008F63C0 /* FizzBuzzTests.swift */; };
		0324BC731D5CAB28008F63C0 /* FizzBuzzUITests.swift in Sources */ = {isa = PBXBuildFile; fileRef = 0324BC721D5CAB28008F63C0 /* FizzBuzzUITests.swift */; };
/* End PBXBuildFile section */

/* Begin PBXContainerItemProxy section */
		0324BC641D5CAB28008F63C0 /* PBXContainerItemProxy */ = {
			isa = PBXContainerItemProxy;
			containerPortal = 0324BC471D5CAB28008F63C0 /* Project object */;
			proxyType = 1;
			remoteGlobalIDString = 0324BC4E1D5CAB28008F63C0;
			remoteInfo = FizzBuzz;
		};
		0324BC6F1D5CAB28008F63C0 /* PBXContainerItemProxy */ = {
			isa = PBXContainerItemProxy;
			containerPortal = 0324BC471D5CAB28008F63C0 /* Project object */;
			proxyType = 1;
			remoteGlobalIDString = 0324BC4E1D5CAB28008F63C0;
			remoteInfo = FizzBuzz;
		};
/* End PBXContainerItemProxy section */

/* Begin PBXFileReference section */
		0324BC4F1D5CAB28008F63C0 /* FizzBuzz.app */ = {isa = PBXFileReference; explicitFileType = wrapper.application; includeInIndex = 0; path = FizzBuzz.app; sourceTree = BUILT_PRODUCTS_DIR; };
		0324BC521D5CAB28008F63C0 /* AppDelegate.swift */ = {isa = PBXFileReference; lastKnownFileType = sourcecode.swift; path = AppDelegate.swift; sourceTree = "<group>"; };
		0324BC541D5CAB28008F63C0 /* ViewController.swift */ = {isa = PBXFileReference; lastKnownFileType = sourcecode.swift; path = ViewController.swift; sourceTree = "<group>"; };
		0324BC571D5CAB28008F63C0 /* Base */ = {isa = PBXFileReference; lastKnownFileType = file.storyboard; name = Base; path = Base.lproj/Main.storyboard; sourceTree = "<group>"; };
		0324BC591D5CAB28008F63C0 /* Assets.xcassets */ = {isa = PBXFileReference; lastKnownFileType = folder.assetcatalog; path = Assets.xcassets; sourceTree = "<group>"; };
		0324BC5C1D5CAB28008F63C0 /* Base */ = {isa = PBXFileReference; lastKnownFileType = file.storyboard; name = Base; path = Base.lproj/LaunchScreen.storyboard; sourceTree = "<group>"; };
		0324BC5E1D5CAB28008F63C0 /* Info.plist */ = {isa = PBXFileReference; lastKnownFileType = text.plist.xml; path = Info.plist; sourceTree = "<group>"; };
		0324BC631D5CAB28008F63C0 /* FizzBuzzTests.xctest */ = {isa = PBXFileReference; explicitFileType = wrapper.cfbundle; includeInIndex = 0; path = FizzBuzzTests.xctest; sourceTree = BUILT_PRODUCTS_DIR; };
		0324BC671D5CAB28008F63C0 /* FizzBuzzTests.swift */ = {isa = PBXFileReference; lastKnownFileType = sourcecode.swift; path = FizzBuzzTests.swift; sourceTree = "<group>"; };
		0324BC691D5CAB28008F63C0 /* Info.plist */ = {isa = PBXFileReference; lastKnownFileType = text.plist.xml; path = Info.plist; sourceTree = "<group>"; };
		0324BC6E1D5CAB28008F63C0 /* FizzBuzzUITests.xctest */ = {isa = PBXFileReference; explicitFileType = wrapper.cfbundle; includeInIndex = 0; path = FizzBuzzUITests.xctest; sourceTree = BUILT_PRODUCTS_DIR; };
		0324BC721D5CAB28008F63C0 /* FizzBuzzUITests.swift */ = {isa = PBXFileReference; lastKnownFileType = sourcecode.swift; path = FizzBuzzUITests.swift; sourceTree = "<group>"; };
		0324BC741D5CAB28008F63C0 /* Info.plist */ = {isa = PBXFileReference; lastKnownFileType = text.plist.xml; path = Info.plist; sourceTree = "<group>"; };
/* End PBXFileReference section */

/* Begin PBXFrameworksBuildPhase section */
		0324BC4C1D5CAB28008F63C0 /* Frameworks */ = {
			isa = PBXFrameworksBuildPhase;
			buildActionMask = 2147483647;
			files = (
			);
			runOnlyForDeploymentPostprocessing = 0;
		};
		0324BC601D5CAB28008F63C0 /* Frameworks */ = {
			isa = PBXFrameworksBuildPhase;
			buildActionMask = 2147483647;
			files = (
			);
			runOnlyForDeploymentPostprocessing = 0;
		};
		0324BC6B1D5CAB28008F63C0 /* Frameworks */ = {
			isa = PBXFrameworksBuildPhase;
			buildActionMask = 2147483647;
			files = (
			);
			runOnlyForDeploymentPostprocessing = 0;
		};
/* End PBXFrameworksBuildPhase section */

/* Begin PBXGroup section */
		0324BC461D5CAB28008F63C0 = {
			isa = PBXGroup;
			children = (
				0324BC511D5CAB28008F63C0 /* FizzBuzz */,
				0324BC661D5CAB28008F63C0 /* FizzBuzzTests */,
				0324BC711D5CAB28008F63C0 /* FizzBuzzUITests */,
				0324BC501D5CAB28008F63C0 /* Products */,
			);
			sourceTree = "<group>";
		};
		0324BC501D5CAB28008F63C0 /* Products */ = {
			isa = PBXGroup;
			children = (
				0324BC4F1D5CAB28008F63C0 /* FizzBuzz.app */,
				0324BC631D5CAB28008F63C0 /* FizzBuzzTests.xctest */,
				0324BC6E1D5CAB28008F63C0 /* FizzBuzzUITests.xctest */,
			);
			name = Products;
			sourceTree = "<group>";
		};
		0324BC511D5CAB28008F63C0 /* FizzBuzz */ = {
			isa = PBXGroup;
			children = (
				0324BC521D5CAB28008F63C0 /* AppDelegate.swift */,
				0324BC541D5CAB28008F63C0 /* ViewController.swift */,
				0324BC561D5CAB28008F63C0 /* Main.storyboard */,
				0324BC591D5CAB28008F63C0 /* Assets.xcassets */,
				0324BC5B1D5CAB28008F63C0 /* LaunchScreen.storyboard */,
				0324BC5E1D5CAB28008F63C0 /* Info.plist */,
			);
			path = FizzBuzz;
			sourceTree = "<group>";
		};
		0324BC661D5CAB28008F63C0 /* FizzBuzzTests */ = {
			isa = PBXGroup;
			children = (
				0324BC671D5CAB28008F63C0 /* FizzBuzzTests.swift */,
				0324BC691D5CAB28008F63C0 /* Info.plist */,
			);
			path = FizzBuzzTests;
			sourceTree = "<group>";
		};
		0324BC711D5CAB28008F63C0 /* FizzBuzzUITests */ = {
			isa = PBXGroup;
			children = (
				0324BC721D5CAB28008F63C0 /* FizzBuzzUITests.swift */,
				0324BC741D5CAB28008F63C0 /* Info.plist */,
			);
			path = FizzBuzzUITests;
			sourceTree = "<group>";
		};
/* End PBXGroup section */

/* Begin PBXNativeTarget section */
		0324BC4E1D5CAB28008F63C0 /* FizzBuzz */ = {
			isa = PBXNativeTarget;
			buildConfigurationList = 0324BC771D5CAB28008F63C0 /* Build configuration list for PBXNativeTarget "FizzBuzz" */;
			buildPhases = (
				0324BC4B1D5CAB28008F63C0 /* Sources */,
				0324BC4C1D5CAB28008F63C0 /* Frameworks */,
				0324BC4D1D5CAB28008F63C0 /* Resources */,
			);
			buildRules = (
			);
			dependencies = (
			);
			name = FizzBuzz;
			productName = FizzBuzz;
			productReference = 0324BC4F1D5CAB28008F63C0 /* FizzBuzz.app */;
			productType = "com.apple.product-type.application";
		};
		0324BC621D5CAB28008F63C0 /* FizzBuzzTests */ = {
			isa = PBXNativeTarget;
			buildConfigurationList = 0324BC7A1D5CAB28008F63C0 /* Build configuration list for PBXNativeTarget "FizzBuzzTests" */;
			buildPhases = (
				0324BC5F1D5CAB28008F63C0 /* Sources */,
				0324BC601D5CAB28008F63C0 /* Frameworks */,
				0324BC611D5CAB28008F63C0 /* Resources */,
			);
			buildRules = (
			);
			dependencies = (
				0324BC651D5CAB28008F63C0 /* PBXTargetDependency */,
			);
			name = FizzBuzzTests;
			productName = FizzBuzzTests;
			productReference = 0324BC631D5CAB28008F63C0 /* FizzBuzzTests.xctest */;
			productType = "com.apple.product-type.bundle.unit-test";
		};
		0324BC6D1D5CAB28008F63C0 /* FizzBuzzUITests */ = {
			isa = PBXNativeTarget;
			buildConfigurationList = 0324BC7D1D5CAB28008F63C0 /* Build configuration list for PBXNativeTarget "FizzBuzzUITests" */;
			buildPhases = (
				0324BC6A1D5CAB28008F63C0 /* Sources */,
				0324BC6B1D5CAB28008F63C0 /* Frameworks */,
				0324BC6C1D5CAB28008F63C0 /* Resources */,
			);
			buildRules = (
			);
			dependencies = (
				0324BC701D5CAB28008F63C0 /* PBXTargetDependency */,
			);
			name = FizzBuzzUITests;
			productName = FizzBuzzUITests;
			productReference = 0324BC6E1D5CAB28008F63C0 /* FizzBuzzUITests.xctest */;
			productType = "com.apple.product-type.bundle.ui-testing";
		};
/* End PBXNativeTarget section */

/* Begin PBXProject section */
		0324BC471D5CAB28008F63C0 /* Project object */ = {
			isa = PBXProject;
			attributes = {
				LastSwiftUpdateCheck = 0730;
				LastUpgradeCheck = 0730;
				ORGANIZATIONNAME = JoshTatterton;
				TargetAttributes = {
					0324BC4E1D5CAB28008F63C0 = {
						CreatedOnToolsVersion = 7.3.1;
					};
					0324BC621D5CAB28008F63C0 = {
						CreatedOnToolsVersion = 7.3.1;
						TestTargetID = 0324BC4E1D5CAB28008F63C0;
					};
					0324BC6D1D5CAB28008F63C0 = {
						CreatedOnToolsVersion = 7.3.1;
						TestTargetID = 0324BC4E1D5CAB28008F63C0;
					};
				};
			};
			buildConfigurationList = 0324BC4A1D5CAB28008F63C0 /* Build configuration list for PBXProject "FizzBuzz" */;
			compatibilityVersion = "Xcode 3.2";
			developmentRegion = English;
			hasScannedForEncodings = 0;
			knownRegions = (
				en,
				Base,
			);
			mainGroup = 0324BC461D5CAB28008F63C0;
			productRefGroup = 0324BC501D5CAB28008F63C0 /* Products */;
			projectDirPath = "";
			projectRoot = "";
			targets = (
				0324BC4E1D5CAB28008F63C0 /* FizzBuzz */,
				0324BC621D5CAB28008F63C0 /* FizzBuzzTests */,
				0324BC6D1D5CAB28008F63C0 /* FizzBuzzUITests */,
			);
		};
/* End PBXProject section */

/* Begin PBXResourcesBuildPhase section */
		0324BC4D1D5CAB28008F63C0 /* Resources */ = {
			isa = PBXResourcesBuildPhase;
			buildActionMask = 2147483647;
			files = (
				0324BC5D1D5CAB28008F63C0 /* LaunchScreen.storyboard in Resources */,
				0324BC5A1D5CAB28008F63C0 /* Assets.xcassets in Resources */,
				0324BC581D5CAB28008F63C0 /* Main.storyboard in Resources */,
			);
			runOnlyForDeploymentPostprocessing = 0;
		};
		0324BC611D5CAB28008F63C0 /* Resources */ = {
			isa = PBXResourcesBuildPhase;
			buildActionMask = 2147483647;
			files = (
			);
			runOnlyForDeploymentPostprocessing = 0;
		};
		0324BC6C1D5CAB28008F63C0 /* Resources */ = {
			isa = PBXResourcesBuildPhase;
			buildActionMask = 2147483647;
			files = (
			);
			runOnlyForDeploymentPostprocessing = 0;
		};
/* End PBXResourcesBuildPhase section */

/* Begin PBXSourcesBuildPhase section */
		0324BC4B1D5CAB28008F63C0 /* Sources */ = {
			isa = PBXSourcesBuildPhase;
			buildActionMask = 2147483647;
			files = (
				0324BC551D5CAB28008F63C0 /* ViewController.swift in Sources */,
				0324BC531D5CAB28008F63C0 /* AppDelegate.swift in Sources */,
			);
			runOnlyForDeploymentPostprocessing = 0;
		};
		0324BC5F1D5CAB28008F63C0 /* Sources */ = {
			isa = PBXSourcesBuildPhase;
			buildActionMask = 2147483647;
			files = (
				0324BC681D5CAB28008F63C0 /* FizzBuzzTests.swift in Sources */,
			);
			runOnlyForDeploymentPostprocessing = 0;
		};
		0324BC6A1D5CAB28008F63C0 /* Sources */ = {
			isa = PBXSourcesBuildPhase;
			buildActionMask = 2147483647;
			files = (
				0324BC731D5CAB28008F63C0 /* FizzBuzzUITests.swift in Sources */,
			);
			runOnlyForDeploymentPostprocessing = 0;
		};
/* End PBXSourcesBuildPhase section */

/* Begin PBXTargetDependency section */
		0324BC651D5CAB28008F63C0 /* PBXTargetDependency */ = {
			isa = PBXTargetDependency;
			target = 0324BC4E1D5CAB28008F63C0 /* FizzBuzz */;
			targetProxy = 0324BC641D5CAB28008F63C0 /* PBXContainerItemProxy */;
		};
		0324BC701D5CAB28008F63C0 /* PBXTargetDependency */ = {
			isa = PBXTargetDependency;
			target = 0324BC4E1D5CAB28008F63C0 /* FizzBuzz */;
			targetProxy = 0324BC6F1D5CAB28008F63C0 /* PBXContainerItemProxy */;
		};
/* End PBXTargetDependency section */

/* Begin PBXVariantGroup section */
		0324BC561D5CAB28008F63C0 /* Main.storyboard */ = {
			isa = PBXVariantGroup;
			children = (
				0324BC571D5CAB28008F63C0 /* Base */,
			);
			name = Main.storyboard;
			sourceTree = "<group>";
		};
		0324BC5B1D5CAB28008F63C0 /* LaunchScreen.storyboard */ = {
			isa = PBXVariantGroup;
			children = (
				0324BC5C1D5CAB28008F63C0 /* Base */,
			);
			name = LaunchScreen.storyboard;
			sourceTree = "<group>";
		};
/* End PBXVariantGroup section */

/* Begin XCBuildConfiguration section */
		0324BC751D5CAB28008F63C0 /* Debug */ = {
			isa = XCBuildConfiguration;
			buildSettings = {
				ALWAYS_SEARCH_USER_PATHS = NO;
				CLANG_ANALYZER_NONNULL = YES;
				CLANG_CXX_LANGUAGE_STANDARD = "gnu++0x";
				CLANG_CXX_LIBRARY = "libc++";
				CLANG_ENABLE_MODULES = YES;
				CLANG_ENABLE_OBJC_ARC = YES;
				CLANG_WARN_BOOL_CONVERSION = YES;
				CLANG_WARN_CONSTANT_CONVERSION = YES;
				CLANG_WARN_DIRECT_OBJC_ISA_USAGE = YES_ERROR;
				CLANG_WARN_EMPTY_BODY = YES;
				CLANG_WARN_ENUM_CONVERSION = YES;
				CLANG_WARN_INT_CONVERSION = YES;
				CLANG_WARN_OBJC_ROOT_CLASS = YES_ERROR;
				CLANG_WARN_UNREACHABLE_CODE = YES;
				CLANG_WARN__DUPLICATE_METHOD_MATCH = YES;
				"CODE_SIGN_IDENTITY[sdk=iphoneos*]" = "iPhone Developer";
				COPY_PHASE_STRIP = NO;
				DEBUG_INFORMATION_FORMAT = dwarf;
				ENABLE_STRICT_OBJC_MSGSEND = YES;
				ENABLE_TESTABILITY = YES;
				GCC_C_LANGUAGE_STANDARD = gnu99;
				GCC_DYNAMIC_NO_PIC = NO;
				GCC_NO_COMMON_BLOCKS = YES;
				GCC_OPTIMIZATION_LEVEL = 0;
				GCC_PREPROCESSOR_DEFINITIONS = (
					"DEBUG=1",
					"$(inherited)",
				);
				GCC_WARN_64_TO_32_BIT_CONVERSION = YES;
				GCC_WARN_ABOUT_RETURN_TYPE = YES_ERROR;
				GCC_WARN_UNDECLARED_SELECTOR = YES;
				GCC_WARN_UNINITIALIZED_AUTOS = YES_AGGRESSIVE;
				GCC_WARN_UNUSED_FUNCTION = YES;
				GCC_WARN_UNUSED_VARIABLE = YES;
				IPHONEOS_DEPLOYMENT_TARGET = 9.3;
				MTL_ENABLE_DEBUG_INFO = YES;
				ONLY_ACTIVE_ARCH = YES;
				SDKROOT = iphoneos;
				SWIFT_OPTIMIZATION_LEVEL = "-Onone";
				TARGETED_DEVICE_FAMILY = "1,2";
			};
			name = Debug;
		};
		0324BC761D5CAB28008F63C0 /* Release */ = {
			isa = XCBuildConfiguration;
			buildSettings = {
				ALWAYS_SEARCH_USER_PATHS = NO;
				CLANG_ANALYZER_NONNULL = YES;
				CLANG_CXX_LANGUAGE_STANDARD = "gnu++0x";
				CLANG_CXX_LIBRARY = "libc++";
				CLANG_ENABLE_MODULES = YES;
				CLANG_ENABLE_OBJC_ARC = YES;
				CLANG_WARN_BOOL_CONVERSION = YES;
				CLANG_WARN_CONSTANT_CONVERSION = YES;
				CLANG_WARN_DIRECT_OBJC_ISA_USAGE = YES_ERROR;
				CLANG_WARN_EMPTY_BODY = YES;
				CLANG_WARN_ENUM_CONVERSION = YES;
				CLANG_WARN_INT_CONVERSION = YES;
				CLANG_WARN_OBJC_ROOT_CLASS = YES_ERROR;
				CLANG_WARN_UNREACHABLE_CODE = YES;
				CLANG_WARN__DUPLICATE_METHOD_MATCH = YES;
				"CODE_SIGN_IDENTITY[sdk=iphoneos*]" = "iPhone Developer";
				COPY_PHASE_STRIP = NO;
				DEBUG_INFORMATION_FORMAT = "dwarf-with-dsym";
				ENABLE_NS_ASSERTIONS = NO;
				ENABLE_STRICT_OBJC_MSGSEND = YES;
				GCC_C_LANGUAGE_STANDARD = gnu99;
				GCC_NO_COMMON_BLOCKS = YES;
				GCC_WARN_64_TO_32_BIT_CONVERSION = YES;
				GCC_WARN_ABOUT_RETURN_TYPE = YES_ERROR;
				GCC_WARN_UNDECLARED_SELECTOR = YES;
				GCC_WARN_UNINITIALIZED_AUTOS = YES_AGGRESSIVE;
				GCC_WARN_UNUSED_FUNCTION = YES;
				GCC_WARN_UNUSED_VARIABLE = YES;
				IPHONEOS_DEPLOYMENT_TARGET = 9.3;
				MTL_ENABLE_DEBUG_INFO = NO;
				SDKROOT = iphoneos;
				TARGETED_DEVICE_FAMILY = "1,2";
				VALIDATE_PRODUCT = YES;
			};
			name = Release;
		};
		0324BC781D5CAB28008F63C0 /* Debug */ = {
			isa = XCBuildConfiguration;
			buildSettings = {
				ASSETCATALOG_COMPILER_APPICON_NAME = AppIcon;
				INFOPLIST_FILE = FizzBuzz/Info.plist;
				LD_RUNPATH_SEARCH_PATHS = "$(inherited) @executable_path/Frameworks";
				PRODUCT_BUNDLE_IDENTIFIER = com.JoshTatterton.FizzBuzz;
				PRODUCT_NAME = "$(TARGET_NAME)";
			};
			name = Debug;
		};
		0324BC791D5CAB28008F63C0 /* Release */ = {
			isa = XCBuildConfiguration;
			buildSettings = {
				ASSETCATALOG_COMPILER_APPICON_NAME = AppIcon;
				INFOPLIST_FILE = FizzBuzz/Info.plist;
				LD_RUNPATH_SEARCH_PATHS = "$(inherited) @executable_path/Frameworks";
				PRODUCT_BUNDLE_IDENTIFIER = com.JoshTatterton.FizzBuzz;
				PRODUCT_NAME = "$(TARGET_NAME)";
			};
			name = Release;
		};
		0324BC7B1D5CAB28008F63C0 /* Debug */ = {
			isa = XCBuildConfiguration;
			buildSettings = {
				BUNDLE_LOADER = "$(TEST_HOST)";
				INFOPLIST_FILE = FizzBuzzTests/Info.plist;
				LD_RUNPATH_SEARCH_PATHS = "$(inherited) @executable_path/Frameworks @loader_path/Frameworks";
				PRODUCT_BUNDLE_IDENTIFIER = com.JoshTatterton.FizzBuzzTests;
				PRODUCT_NAME = "$(TARGET_NAME)";
				TEST_HOST = "$(BUILT_PRODUCTS_DIR)/FizzBuzz.app/FizzBuzz";
			};
			name = Debug;
		};
		0324BC7C1D5CAB28008F63C0 /* Release */ = {
			isa = XCBuildConfiguration;
			buildSettings = {
				BUNDLE_LOADER = "$(TEST_HOST)";
				INFOPLIST_FILE = FizzBuzzTests/Info.plist;
				LD_RUNPATH_SEARCH_PATHS = "$(inherited) @executable_path/Frameworks @loader_path/Frameworks";
				PRODUCT_BUNDLE_IDENTIFIER = com.JoshTatterton.FizzBuzzTests;
				PRODUCT_NAME = "$(TARGET_NAME)";
				TEST_HOST = "$(BUILT_PRODUCTS_DIR)/FizzBuzz.app/FizzBuzz";
			};
			name = Release;
		};
		0324BC7E1D5CAB28008F63C0 /* Debug */ = {
			isa = XCBuildConfiguration;
			buildSettings = {
				INFOPLIST_FILE = FizzBuzzUITests/Info.plist;
				LD_RUNPATH_SEARCH_PATHS = "$(inherited) @executable_path/Frameworks @loader_path/Frameworks";
				PRODUCT_BUNDLE_IDENTIFIER = com.JoshTatterton.FizzBuzzUITests;
				PRODUCT_NAME = "$(TARGET_NAME)";
				TEST_TARGET_NAME = FizzBuzz;
			};
			name = Debug;
		};
		0324BC7F1D5CAB28008F63C0 /* Release */ = {
			isa = XCBuildConfiguration;
			buildSettings = {
				INFOPLIST_FILE = FizzBuzzUITests/Info.plist;
				LD_RUNPATH_SEARCH_PATHS = "$(inherited) @executable_path/Frameworks @loader_path/Frameworks";
				PRODUCT_BUNDLE_IDENTIFIER = com.JoshTatterton.FizzBuzzUITests;
				PRODUCT_NAME = "$(TARGET_NAME)";
				TEST_TARGET_NAME = FizzBuzz;
			};
			name = Release;
		};
/* End XCBuildConfiguration section */

/* Begin XCConfigurationList section */
		0324BC4A1D5CAB28008F63C0 /* Build configuration list for PBXProject "FizzBuzz" */ = {
			isa = XCConfigurationList;
			buildConfigurations = (
				0324BC751D5CAB28008F63C0 /* Debug */,
				0324BC761D5CAB28008F63C0 /* Release */,
			);
			defaultConfigurationIsVisible = 0;
			defaultConfigurationName = Release;
		};
		0324BC771D5CAB28008F63C0 /* Build configuration list for PBXNativeTarget "FizzBuzz" */ = {
			isa = XCConfigurationList;
			buildConfigurations = (
				0324BC781D5CAB28008F63C0 /* Debug */,
				0324BC791D5CAB28008F63C0 /* Release */,
			);
			defaultConfigurationIsVisible = 0;
		};
		0324BC7A1D5CAB28008F63C0 /* Build configuration list for PBXNativeTarget "FizzBuzzTests" */ = {
			isa = XCConfigurationList;
			buildConfigurations = (
				0324BC7B1D5CAB28008F63C0 /* Debug */,
				0324BC7C1D5CAB28008F63C0 /* Release */,
			);
			defaultConfigurationIsVisible = 0;
		};
		0324BC7D1D5CAB28008F63C0 /* Build configuration list for PBXNativeTarget "FizzBuzzUITests" */ = {
			isa = XCConfigurationList;
			buildConfigurations = (
				0324BC7E1D5CAB28008F63C0 /* Debug */,
				0324BC7F1D5CAB28008F63C0 /* Release */,
			);
			defaultConfigurationIsVisible = 0;
		};
/* End XCConfigurationList section */
	};
	rootObject = 0324BC471D5CAB28008F63C0 /* Project object */;
}
